
Microsoft Visual Studio Solution File, Format Version 12.00
# Visual Studio Version 17
VisualStudioVersion = 17.2.32616.157
MinimumVisualStudioVersion = 10.0.40219.1
Project("{FAE04EC0-301F-11D3-BF4B-00C04F79EFBC}") = "StaticKeywordExercise", "StaticKeywordExercise\StaticKeywordExercise.csproj", "{96A1A9B5-CBAE-4D90-A18B-182A9C99F679}"
EndProject
Global
	GlobalSection(SolutionConfigurationPlatforms) = preSolution
		Debug|Any CPU = Debug|Any CPU
		Release|Any CPU = Release|Any CPU
	EndGlobalSection
	GlobalSection(ProjectConfigurationPlatforms) = postSolution
		{96A1A9B5-CBAE-4D90-A18B-182A9C99F679}.Debug|Any CPU.ActiveCfg = Debug|Any CPU
		{96A1A9B5-CBAE-4D90-A18B-182A9C99F679}.Debug|Any CPU.Build.0 = Debug|Any CPU
		{96A1A9B5-CBAE-4D90-A18B-182A9C99F679}.Release|Any CPU.ActiveCfg = Release|Any CPU
		{96A1A9B5-CBAE-4D90-A18B-182A9C99F679}.Release|Any CPU.Build.0 = Release|Any CPU
	EndGlobalSection
	GlobalSection(SolutionProperties) = preSolution
		HideSolutionNode = FALSE
	EndGlobalSection
	GlobalSection(ExtensibilityGlobals) = postSolution
		SolutionGuid = {8308643E-0CA2-4C39-9E3A-B84D0C7C9208}
	EndGlobalSection
EndGlobal
